
Microsoft Visual Studio Solution File, Format Version 12.00
# Visual Studio Version 17
VisualStudioVersion = 17.1.32421.90
MinimumVisualStudioVersion = 10.0.40219.1
Project("{2150E333-8FDC-42A3-9474-1A3956D46DE8}") = "Services", "Services", "{7AFC18A0-3319-40EF-902E-477A0E52C695}"
EndProject
Project("{2150E333-8FDC-42A3-9474-1A3956D46DE8}") = "Catalog", "Catalog", "{9B457F3D-C7C9-4A27-96FF-2C300EB40650}"
EndProject
Project("{9A19103F-16F7-4668-BE54-9A1E7A4F7556}") = "Catalog.API", "Services\Catalog\Catalog.API\Catalog.API.csproj", "{D7F00BA5-70F3-4A73-B260-DA5CA173FEA8}"
EndProject
Project("{E53339B2-1760-4266-BCC7-CA923CBCF16C}") = "docker-compose", "docker-compose.dcproj", "{0A75C84E-B881-4628-B346-AE6694F9D41A}"
EndProject
Project("{2150E333-8FDC-42A3-9474-1A3956D46DE8}") = "Basket", "Basket", "{1D2C741C-0BF3-48FA-B7EA-4C60584946A7}"
EndProject
Project("{9A19103F-16F7-4668-BE54-9A1E7A4F7556}") = "Basket.API", "Services\Basket\Basket.API\Basket.API.csproj", "{C40A157D-A29E-4D87-A56B-0593DF4EB134}"
EndProject
Project("{2150E333-8FDC-42A3-9474-1A3956D46DE8}") = "Discount", "Discount", "{A0559E22-239E-410C-9709-0F6EEFF29BF7}"
EndProject
Project("{9A19103F-16F7-4668-BE54-9A1E7A4F7556}") = "Discount.API", "Services\Discount\Discount.API\Discount.API.csproj", "{9941B327-78CB-4617-B1E7-BEC7B180A411}"
EndProject
Project("{9A19103F-16F7-4668-BE54-9A1E7A4F7556}") = "Discount.Grpc", "Services\Discount\Discount.Grpc\Discount.Grpc.csproj", "{9BF9A2D0-44C6-4249-BF09-EEDA154B3768}"
EndProject
Project("{2150E333-8FDC-42A3-9474-1A3956D46DE8}") = "Ordering", "Ordering", "{A1F28CC4-679E-49EA-84FC-9027731C4137}"
EndProject
Project("{FAE04EC0-301F-11D3-BF4B-00C04F79EFBC}") = "Ordering.API", "Services\Ordering\Ordering.API\Ordering.API.csproj", "{737A490D-3E05-401B-B145-C8D5A17A9357}"
EndProject
Project("{FAE04EC0-301F-11D3-BF4B-00C04F79EFBC}") = "Ordering.Domain", "Services\Ordering\Ordering.Domain\Ordering.Domain.csproj", "{75AC2769-038A-4F7C-A273-2F1D35C8AD23}"
EndProject
Project("{FAE04EC0-301F-11D3-BF4B-00C04F79EFBC}") = "Ordering.Application", "Services\Ordering\Ordering.Application\Ordering.Application.csproj", "{77E09A44-CAEE-4189-B542-2186F9DB891A}"
EndProject
Project("{FAE04EC0-301F-11D3-BF4B-00C04F79EFBC}") = "Ordering.Infrastructure", "Services\Ordering\Ordering.Infrastructure\Ordering.Infrastructure.csproj", "{0FF08BB2-9E88-4200-8532-A3264FE6E01A}"
EndProject
Global
	GlobalSection(SolutionConfigurationPlatforms) = preSolution
		Debug|Any CPU = Debug|Any CPU
		Release|Any CPU = Release|Any CPU
	EndGlobalSection
	GlobalSection(ProjectConfigurationPlatforms) = postSolution
		{D7F00BA5-70F3-4A73-B260-DA5CA173FEA8}.Debug|Any CPU.ActiveCfg = Debug|Any CPU
		{D7F00BA5-70F3-4A73-B260-DA5CA173FEA8}.Debug|Any CPU.Build.0 = Debug|Any CPU
		{D7F00BA5-70F3-4A73-B260-DA5CA173FEA8}.Release|Any CPU.ActiveCfg = Release|Any CPU
		{D7F00BA5-70F3-4A73-B260-DA5CA173FEA8}.Release|Any CPU.Build.0 = Release|Any CPU
		{0A75C84E-B881-4628-B346-AE6694F9D41A}.Debug|Any CPU.ActiveCfg = Debug|Any CPU
		{0A75C84E-B881-4628-B346-AE6694F9D41A}.Debug|Any CPU.Build.0 = Debug|Any CPU
		{0A75C84E-B881-4628-B346-AE6694F9D41A}.Release|Any CPU.ActiveCfg = Release|Any CPU
		{0A75C84E-B881-4628-B346-AE6694F9D41A}.Release|Any CPU.Build.0 = Release|Any CPU
		{C40A157D-A29E-4D87-A56B-0593DF4EB134}.Debug|Any CPU.ActiveCfg = Debug|Any CPU
		{C40A157D-A29E-4D87-A56B-0593DF4EB134}.Debug|Any CPU.Build.0 = Debug|Any CPU
		{C40A157D-A29E-4D87-A56B-0593DF4EB134}.Release|Any CPU.ActiveCfg = Release|Any CPU
		{C40A157D-A29E-4D87-A56B-0593DF4EB134}.Release|Any CPU.Build.0 = Release|Any CPU
		{9941B327-78CB-4617-B1E7-BEC7B180A411}.Debug|Any CPU.ActiveCfg = Debug|Any CPU
		{9941B327-78CB-4617-B1E7-BEC7B180A411}.Debug|Any CPU.Build.0 = Debug|Any CPU
		{9941B327-78CB-4617-B1E7-BEC7B180A411}.Release|Any CPU.ActiveCfg = Release|Any CPU
		{9941B327-78CB-4617-B1E7-BEC7B180A411}.Release|Any CPU.Build.0 = Release|Any CPU
		{9BF9A2D0-44C6-4249-BF09-EEDA154B3768}.Debug|Any CPU.ActiveCfg = Debug|Any CPU
		{9BF9A2D0-44C6-4249-BF09-EEDA154B3768}.Debug|Any CPU.Build.0 = Debug|Any CPU
		{9BF9A2D0-44C6-4249-BF09-EEDA154B3768}.Release|Any CPU.ActiveCfg = Release|Any CPU
		{9BF9A2D0-44C6-4249-BF09-EEDA154B3768}.Release|Any CPU.Build.0 = Release|Any CPU
		{737A490D-3E05-401B-B145-C8D5A17A9357}.Debug|Any CPU.ActiveCfg = Debug|Any CPU
		{737A490D-3E05-401B-B145-C8D5A17A9357}.Debug|Any CPU.Build.0 = Debug|Any CPU
		{737A490D-3E05-401B-B145-C8D5A17A9357}.Release|Any CPU.ActiveCfg = Release|Any CPU
		{737A490D-3E05-401B-B145-C8D5A17A9357}.Release|Any CPU.Build.0 = Release|Any CPU
		{75AC2769-038A-4F7C-A273-2F1D35C8AD23}.Debug|Any CPU.ActiveCfg = Debug|Any CPU
		{75AC2769-038A-4F7C-A273-2F1D35C8AD23}.Debug|Any CPU.Build.0 = Debug|Any CPU
		{75AC2769-038A-4F7C-A273-2F1D35C8AD23}.Release|Any CPU.ActiveCfg = Release|Any CPU
		{75AC2769-038A-4F7C-A273-2F1D35C8AD23}.Release|Any CPU.Build.0 = Release|Any CPU
		{77E09A44-CAEE-4189-B542-2186F9DB891A}.Debug|Any CPU.ActiveCfg = Debug|Any CPU
		{77E09A44-CAEE-4189-B542-2186F9DB891A}.Debug|Any CPU.Build.0 = Debug|Any CPU
		{77E09A44-CAEE-4189-B542-2186F9DB891A}.Release|Any CPU.ActiveCfg = Release|Any CPU
		{77E09A44-CAEE-4189-B542-2186F9DB891A}.Release|Any CPU.Build.0 = Release|Any CPU
		{0FF08BB2-9E88-4200-8532-A3264FE6E01A}.Debug|Any CPU.ActiveCfg = Debug|Any CPU
		{0FF08BB2-9E88-4200-8532-A3264FE6E01A}.Debug|Any CPU.Build.0 = Debug|Any CPU
		{0FF08BB2-9E88-4200-8532-A3264FE6E01A}.Release|Any CPU.ActiveCfg = Release|Any CPU
		{0FF08BB2-9E88-4200-8532-A3264FE6E01A}.Release|Any CPU.Build.0 = Release|Any CPU
	EndGlobalSection
	GlobalSection(SolutionProperties) = preSolution
		HideSolutionNode = FALSE
	EndGlobalSection
	GlobalSection(NestedProjects) = preSolution
		{9B457F3D-C7C9-4A27-96FF-2C300EB40650} = {7AFC18A0-3319-40EF-902E-477A0E52C695}
		{D7F00BA5-70F3-4A73-B260-DA5CA173FEA8} = {9B457F3D-C7C9-4A27-96FF-2C300EB40650}
		{1D2C741C-0BF3-48FA-B7EA-4C60584946A7} = {7AFC18A0-3319-40EF-902E-477A0E52C695}
		{C40A157D-A29E-4D87-A56B-0593DF4EB134} = {1D2C741C-0BF3-48FA-B7EA-4C60584946A7}
		{A0559E22-239E-410C-9709-0F6EEFF29BF7} = {7AFC18A0-3319-40EF-902E-477A0E52C695}
		{9941B327-78CB-4617-B1E7-BEC7B180A411} = {A0559E22-239E-410C-9709-0F6EEFF29BF7}
		{9BF9A2D0-44C6-4249-BF09-EEDA154B3768} = {A0559E22-239E-410C-9709-0F6EEFF29BF7}
		{A1F28CC4-679E-49EA-84FC-9027731C4137} = {7AFC18A0-3319-40EF-902E-477A0E52C695}
		{737A490D-3E05-401B-B145-C8D5A17A9357} = {A1F28CC4-679E-49EA-84FC-9027731C4137}
		{75AC2769-038A-4F7C-A273-2F1D35C8AD23} = {A1F28CC4-679E-49EA-84FC-9027731C4137}
		{77E09A44-CAEE-4189-B542-2186F9DB891A} = {A1F28CC4-679E-49EA-84FC-9027731C4137}
		{0FF08BB2-9E88-4200-8532-A3264FE6E01A} = {A1F28CC4-679E-49EA-84FC-9027731C4137}
	EndGlobalSection
	GlobalSection(ExtensibilityGlobals) = postSolution
		SolutionGuid = {29A8590A-BC59-458A-836D-ED8623EF696F}
	EndGlobalSection
EndGlobal
